Microsoft Visual Studio Solution File, Format Version 12.00
# Visual Studio Version 17
VisualStudioVersion = 17.5.2.0
MinimumVisualStudioVersion = 10.0.40219.1
Project("{FAE04EC0-301F-11D3-BF4B-00C04F79EFBC}") = "E-commerce Endpoints", "E-commerce Endpoints.csproj", "{647FF283-0912-B467-3037-BCB46E7D55AA}"
EndProject
Global
	GlobalSection(SolutionConfigurationPlatforms) = preSolution
		Debug|Any CPU = Debug|Any CPU
		Release|Any CPU = Release|Any CPU
	EndGlobalSection
	GlobalSection(ProjectConfigurationPlatforms) = postSolution
		{647FF283-0912-B467-3037-BCB46E7D55AA}.Debug|Any CPU.ActiveCfg = Debug|Any CPU
		{647FF283-0912-B467-3037-BCB46E7D55AA}.Debug|Any CPU.Build.0 = Debug|Any CPU
		{647FF283-0912-B467-3037-BCB46E7D55AA}.Release|Any CPU.ActiveCfg = Release|Any CPU
		{647FF283-0912-B467-3037-BCB46E7D55AA}.Release|Any CPU.Build.0 = Release|Any CPU
	EndGlobalSection
	GlobalSection(SolutionProperties) = preSolution
		HideSolutionNode = FALSE
	EndGlobalSection
	GlobalSection(ExtensibilityGlobals) = postSolution
		SolutionGuid = {625A57DB-D879-4E29-825C-B984AEEA76B2}
	EndGlobalSection
EndGlobal
