
Microsoft Visual Studio Solution File, Format Version 12.00
# Visual Studio Version 17
VisualStudioVersion = 17.5.33414.496
MinimumVisualStudioVersion = 10.0.40219.1
Project("{FAE04EC0-301F-11D3-BF4B-00C04F79EFBC}") = "E-commerce Endpoints", "E-commerce Endpoints\E-commerce Endpoints.csproj", "{D8552B6F-9424-4FBF-ABC0-44DDF152D83A}"
EndProject
Project("{FAE04EC0-301F-11D3-BF4B-00C04F79EFBC}") = "E-commerce Bussiness", "E-commerce Bussiness\E-commerce Bussiness.csproj", "{CBAA2E45-80DA-4216-8AE4-8C7CACC166E4}"
EndProject
Project("{FAE04EC0-301F-11D3-BF4B-00C04F79EFBC}") = "E-commerce Data", "E-commerce Data\E-commerce Data.csproj", "{7659B913-B668-4254-9323-3599D1D08E43}"
EndProject
Global
	GlobalSection(SolutionConfigurationPlatforms) = preSolution
		Debug|Any CPU = Debug|Any CPU
		Release|Any CPU = Release|Any CPU
	EndGlobalSection
	GlobalSection(ProjectConfigurationPlatforms) = postSolution
		{D8552B6F-9424-4FBF-ABC0-44DDF152D83A}.Debug|Any CPU.ActiveCfg = Debug|Any CPU
		{D8552B6F-9424-4FBF-ABC0-44DDF152D83A}.Debug|Any CPU.Build.0 = Debug|Any CPU
		{D8552B6F-9424-4FBF-ABC0-44DDF152D83A}.Release|Any CPU.ActiveCfg = Release|Any CPU
		{D8552B6F-9424-4FBF-ABC0-44DDF152D83A}.Release|Any CPU.Build.0 = Release|Any CPU
		{CBAA2E45-80DA-4216-8AE4-8C7CACC166E4}.Debug|Any CPU.ActiveCfg = Debug|Any CPU
		{CBAA2E45-80DA-4216-8AE4-8C7CACC166E4}.Debug|Any CPU.Build.0 = Debug|Any CPU
		{CBAA2E45-80DA-4216-8AE4-8C7CACC166E4}.Release|Any CPU.ActiveCfg = Release|Any CPU
		{CBAA2E45-80DA-4216-8AE4-8C7CACC166E4}.Release|Any CPU.Build.0 = Release|Any CPU
		{7659B913-B668-4254-9323-3599D1D08E43}.Debug|Any CPU.ActiveCfg = Debug|Any CPU
		{7659B913-B668-4254-9323-3599D1D08E43}.Debug|Any CPU.Build.0 = Debug|Any CPU
		{7659B913-B668-4254-9323-3599D1D08E43}.Release|Any CPU.ActiveCfg = Release|Any CPU
		{7659B913-B668-4254-9323-3599D1D08E43}.Release|Any CPU.Build.0 = Release|Any CPU
	EndGlobalSection
	GlobalSection(SolutionProperties) = preSolution
		HideSolutionNode = FALSE
	EndGlobalSection
	GlobalSection(ExtensibilityGlobals) = postSolution
		SolutionGuid = {B6BC7388-20BE-4192-A11A-495A6B13D5B5}
	EndGlobalSection
EndGlobal
